// !$*UTF8*$!
{
	archiveVersion = 1;
	classes = {
	};
	objectVersion = 60;
	objects = {

/* Begin PBXBuildFile section */
		1A2B3C4D5E6F7A8B9C0D1E2F /* MDNSTXTCard.swift in Sources */ = {isa = PBXBuildFile; fileRef = 1A2B3C4D5E6F7A8B9C0D1E30 /* MDNSTXTCard.swift */; };
		2B3C4D5E6F7A8B9C0D1E2F3A /* MACAnalysisCard.swift in Sources */ = {isa = PBXBuildFile; fileRef = 2B3C4D5E6F7A8B9C0D1E2F3B /* MACAnalysisCard.swift */; };
		3C4D5E6F7A8B9C0D1E2F3A4B /* ClearDevicesConfirmationView.swift in Sources */ = {isa = PBXBuildFile; fileRef = 3C4D5E6F7A8B9C0D1E2F3A4C /* ClearDevicesConfirmationView.swift */; };
		91A082AA20A03AEE870F3230 /* SecurityBadge.swift in Sources */ = {isa = PBXBuildFile; fileRef = C07CF633FFBC840F10B4E573 /* SecurityBadge.swift */; };
		A1B2C3D4E5F60718091A2B3C /* TooltipModifier.swift in Sources */ = {isa = PBXBuildFile; fileRef = D4E5F60718091A2B3C4D5E6F /* TooltipModifier.swift */; };
		A96697632F06ABBC00EAAA03 /* Assets.xcassets in Resources */ = {isa = PBXBuildFile; fileRef = A96697622F06ABBC00EAAA03 /* Assets.xcassets */; };
		AD9B0D89CC7A46004874075A /* PortBannerCard.swift in Sources */ = {isa = PBXBuildFile; fileRef = 42E34D2DF72FB00F614941E8 /* PortBannerCard.swift */; };
		APP001 /* LanLensMenuBarApp.swift in Sources */ = {isa = PBXBuildFile; fileRef = SRC001 /* LanLensMenuBarApp.swift */; };
		APP002 /* AppState.swift in Sources */ = {isa = PBXBuildFile; fileRef = SRC002 /* AppState.swift */; };
		APP003 /* UserPreferences.swift in Sources */ = {isa = PBXBuildFile; fileRef = SRC003 /* UserPreferences.swift */; };
		APP004 /* MenuBarView.swift in Sources */ = {isa = PBXBuildFile; fileRef = SRC004 /* MenuBarView.swift */; };
		APP005 /* DeviceDetailView.swift in Sources */ = {isa = PBXBuildFile; fileRef = SRC005 /* DeviceDetailView.swift */; };
		APP006 /* SettingsView.swift in Sources */ = {isa = PBXBuildFile; fileRef = SRC006 /* SettingsView.swift */; };
		APP007 /* DeviceListView.swift in Sources */ = {isa = PBXBuildFile; fileRef = SRC007 /* DeviceListView.swift */; };
		APP008 /* DeviceRowView.swift in Sources */ = {isa = PBXBuildFile; fileRef = SRC008 /* DeviceRowView.swift */; };
		APP009 /* ScoreIndicator.swift in Sources */ = {isa = PBXBuildFile; fileRef = SRC009 /* ScoreIndicator.swift */; };
		APP010 /* DeviceIcon.swift in Sources */ = {isa = PBXBuildFile; fileRef = SRC010 /* DeviceIcon.swift */; };
		APP011 /* StatusIndicator.swift in Sources */ = {isa = PBXBuildFile; fileRef = SRC011 /* StatusIndicator.swift */; };
		APP012 /* BackgroundScanner.swift in Sources */ = {isa = PBXBuildFile; fileRef = SRC012 /* BackgroundScanner.swift */; };
		APP013 /* NotificationService.swift in Sources */ = {isa = PBXBuildFile; fileRef = SRC013 /* NotificationService.swift */; };
		APP014 /* LaunchAtLoginService.swift in Sources */ = {isa = PBXBuildFile; fileRef = SRC014 /* LaunchAtLoginService.swift */; };
		APP015 /* Colors.swift in Sources */ = {isa = PBXBuildFile; fileRef = SRC015 /* Colors.swift */; };
		C3EFF323654E09C1A996C3E0 /* BehaviorBadge.swift in Sources */ = {isa = PBXBuildFile; fileRef = 7976CC6C3389FF63D1110272 /* BehaviorBadge.swift */; };
		CBA182D65A8EB4D86AE3974E /* BehaviorProfileCard.swift in Sources */ = {isa = PBXBuildFile; fileRef = D76838976FF8D8648C9C67CA /* BehaviorProfileCard.swift */; };
		F763B6FABCB80AF0CD9DE0D9 /* SecurityPostureCard.swift in Sources */ = {isa = PBXBuildFile; fileRef = C0143840A4151C2CCCAFF4BA /* SecurityPostureCard.swift */; };
		FWK001 /* LanLensCore in Frameworks */ = {isa = PBXBuildFile; productRef = PKG001 /* LanLensCore */; };
/* End PBXBuildFile section */

/* Begin PBXFileReference section */
		1A2B3C4D5E6F7A8B9C0D1E30 /* MDNSTXTCard.swift */ = {isa = PBXFileReference; includeInIndex = 1; lastKnownFileType = sourcecode.swift; path = MDNSTXTCard.swift; sourceTree = "<group>"; };
		2B3C4D5E6F7A8B9C0D1E2F3B /* MACAnalysisCard.swift */ = {isa = PBXFileReference; includeInIndex = 1; lastKnownFileType = sourcecode.swift; path = MACAnalysisCard.swift; sourceTree = "<group>"; };
		3C4D5E6F7A8B9C0D1E2F3A4C /* ClearDevicesConfirmationView.swift */ = {isa = PBXFileReference; includeInIndex = 1; lastKnownFileType = sourcecode.swift; path = ClearDevicesConfirmationView.swift; sourceTree = "<group>"; };
		42E34D2DF72FB00F614941E8 /* PortBannerCard.swift */ = {isa = PBXFileReference; includeInIndex = 1; lastKnownFileType = sourcecode.swift; path = PortBannerCard.swift; sourceTree = "<group>"; };
		7976CC6C3389FF63D1110272 /* BehaviorBadge.swift */ = {isa = PBXFileReference; includeInIndex = 1; lastKnownFileType = sourcecode.swift; path = BehaviorBadge.swift; sourceTree = "<group>"; };
		A96697622F06ABBC00EAAA03 /* Assets.xcassets */ = {isa = PBXFileReference; lastKnownFileType = folder.assetcatalog; path = Assets.xcassets; sourceTree = "<group>"; };
		C0143840A4151C2CCCAFF4BA /* SecurityPostureCard.swift */ = {isa = PBXFileReference; includeInIndex = 1; lastKnownFileType = sourcecode.swift; path = SecurityPostureCard.swift; sourceTree = "<group>"; };
		C07CF633FFBC840F10B4E573 /* SecurityBadge.swift */ = {isa = PBXFileReference; includeInIndex = 1; lastKnownFileType = sourcecode.swift; path = SecurityBadge.swift; sourceTree = "<group>"; };
		CFG001 /* Info.plist */ = {isa = PBXFileReference; lastKnownFileType = text.plist.xml; path = Info.plist; sourceTree = "<group>"; };
		CFG002 /* LanLensApp.entitlements */ = {isa = PBXFileReference; lastKnownFileType = text.plist.entitlements; path = LanLensApp.entitlements; sourceTree = "<group>"; };
		D4E5F60718091A2B3C4D5E6F /* TooltipModifier.swift */ = {isa = PBXFileReference; includeInIndex = 1; lastKnownFileType = sourcecode.swift; path = TooltipModifier.swift; sourceTree = "<group>"; };
		D76838976FF8D8648C9C67CA /* BehaviorProfileCard.swift */ = {isa = PBXFileReference; includeInIndex = 1; lastKnownFileType = sourcecode.swift; path = BehaviorProfileCard.swift; sourceTree = "<group>"; };
		PRD001 /* LanLensApp.app */ = {isa = PBXFileReference; explicitFileType = wrapper.application; includeInIndex = 0; path = LanLensApp.app; sourceTree = BUILT_PRODUCTS_DIR; };
		SRC001 /* LanLensMenuBarApp.swift */ = {isa = PBXFileReference; lastKnownFileType = sourcecode.swift; path = LanLensMenuBarApp.swift; sourceTree = "<group>"; };
		SRC002 /* AppState.swift */ = {isa = PBXFileReference; lastKnownFileType = sourcecode.swift; path = AppState.swift; sourceTree = "<group>"; };
		SRC003 /* UserPreferences.swift */ = {isa = PBXFileReference; lastKnownFileType = sourcecode.swift; path = UserPreferences.swift; sourceTree = "<group>"; };
		SRC004 /* MenuBarView.swift */ = {isa = PBXFileReference; lastKnownFileType = sourcecode.swift; path = MenuBarView.swift; sourceTree = "<group>"; };
		SRC005 /* DeviceDetailView.swift */ = {isa = PBXFileReference; lastKnownFileType = sourcecode.swift; path = DeviceDetailView.swift; sourceTree = "<group>"; };
		SRC006 /* SettingsView.swift */ = {isa = PBXFileReference; lastKnownFileType = sourcecode.swift; path = SettingsView.swift; sourceTree = "<group>"; };
		SRC007 /* DeviceListView.swift */ = {isa = PBXFileReference; lastKnownFileType = sourcecode.swift; path = DeviceListView.swift; sourceTree = "<group>"; };
		SRC008 /* DeviceRowView.swift */ = {isa = PBXFileReference; lastKnownFileType = sourcecode.swift; path = DeviceRowView.swift; sourceTree = "<group>"; };
		SRC009 /* ScoreIndicator.swift */ = {isa = PBXFileReference; lastKnownFileType = sourcecode.swift; path = ScoreIndicator.swift; sourceTree = "<group>"; };
		SRC010 /* DeviceIcon.swift */ = {isa = PBXFileReference; lastKnownFileType = sourcecode.swift; path = DeviceIcon.swift; sourceTree = "<group>"; };
		SRC011 /* StatusIndicator.swift */ = {isa = PBXFileReference; lastKnownFileType = sourcecode.swift; path = StatusIndicator.swift; sourceTree = "<group>"; };
		SRC012 /* BackgroundScanner.swift */ = {isa = PBXFileReference; lastKnownFileType = sourcecode.swift; path = BackgroundScanner.swift; sourceTree = "<group>"; };
		SRC013 /* NotificationService.swift */ = {isa = PBXFileReference; lastKnownFileType = sourcecode.swift; path = NotificationService.swift; sourceTree = "<group>"; };
		SRC014 /* LaunchAtLoginService.swift */ = {isa = PBXFileReference; lastKnownFileType = sourcecode.swift; path = LaunchAtLoginService.swift; sourceTree = "<group>"; };
		SRC015 /* Colors.swift */ = {isa = PBXFileReference; lastKnownFileType = sourcecode.swift; path = Colors.swift; sourceTree = "<group>"; };
/* End PBXFileReference section */

/* Begin PBXFrameworksBuildPhase section */
		FRM001 /* Frameworks */ = {
			isa = PBXFrameworksBuildPhase;
			buildActionMask = 2147483647;
			files = (
				FWK001 /* LanLensCore in Frameworks */,
			);
			runOnlyForDeploymentPostprocessing = 0;
		};
/* End PBXFrameworksBuildPhase section */

/* Begin PBXGroup section */
		GRP000 = {
			isa = PBXGroup;
			children = (
				GRP001 /* LanLensApp */,
				GRP100 /* Products */,
			);
			sourceTree = "<group>";
		};
		GRP001 /* LanLensApp */ = {
			isa = PBXGroup;
			children = (
				A96697622F06ABBC00EAAA03 /* Assets.xcassets */,
				SRC001 /* LanLensMenuBarApp.swift */,
				GRP002 /* State */,
				GRP003 /* Views */,
				GRP006 /* Services */,
				GRP007 /* Design */,
				GRP008 /* Resources */,
			);
			path = LanLensApp;
			sourceTree = "<group>";
		};
		GRP002 /* State */ = {
			isa = PBXGroup;
			children = (
				SRC002 /* AppState.swift */,
				SRC003 /* UserPreferences.swift */,
			);
			path = State;
			sourceTree = "<group>";
		};
		GRP003 /* Views */ = {
			isa = PBXGroup;
			children = (
				SRC004 /* MenuBarView.swift */,
				SRC005 /* DeviceDetailView.swift */,
				SRC006 /* SettingsView.swift */,
				SRC007 /* DeviceListView.swift */,
				SRC008 /* DeviceRowView.swift */,
				GRP004 /* Components */,
			);
			path = Views;
			sourceTree = "<group>";
		};
		GRP004 /* Components */ = {
			isa = PBXGroup;
			children = (
				SRC009 /* ScoreIndicator.swift */,
				SRC010 /* DeviceIcon.swift */,
				SRC011 /* StatusIndicator.swift */,
				D4E5F60718091A2B3C4D5E6F /* TooltipModifier.swift */,
				C07CF633FFBC840F10B4E573 /* SecurityBadge.swift */,
				C0143840A4151C2CCCAFF4BA /* SecurityPostureCard.swift */,
				7976CC6C3389FF63D1110272 /* BehaviorBadge.swift */,
				D76838976FF8D8648C9C67CA /* BehaviorProfileCard.swift */,
				42E34D2DF72FB00F614941E8 /* PortBannerCard.swift */,
				1A2B3C4D5E6F7A8B9C0D1E30 /* MDNSTXTCard.swift */,
				2B3C4D5E6F7A8B9C0D1E2F3B /* MACAnalysisCard.swift */,
				3C4D5E6F7A8B9C0D1E2F3A4C /* ClearDevicesConfirmationView.swift */,
			);
			path = Components;
			sourceTree = "<group>";
		};
		GRP006 /* Services */ = {
			isa = PBXGroup;
			children = (
				SRC012 /* BackgroundScanner.swift */,
				SRC013 /* NotificationService.swift */,
				SRC014 /* LaunchAtLoginService.swift */,
			);
			path = Services;
			sourceTree = "<group>";
		};
		GRP007 /* Design */ = {
			isa = PBXGroup;
			children = (
				SRC015 /* Colors.swift */,
			);
			path = Design;
			sourceTree = "<group>";
		};
		GRP008 /* Resources */ = {
			isa = PBXGroup;
			children = (
				CFG001 /* Info.plist */,
				CFG002 /* LanLensApp.entitlements */,
			);
			path = Resources;
			sourceTree = "<group>";
		};
		GRP100 /* Products */ = {
			isa = PBXGroup;
			children = (
				PRD001 /* LanLensApp.app */,
			);
			name = Products;
			sourceTree = "<group>";
		};
/* End PBXGroup section */

/* Begin PBXNativeTarget section */
		TGT001 /* LanLensApp */ = {
			isa = PBXNativeTarget;
			buildConfigurationList = CFG100 /* Build configuration list for PBXNativeTarget "LanLensApp" */;
			buildPhases = (
				SRC100 /* Sources */,
				FRM001 /* Frameworks */,
				RSC001 /* Resources */,
			);
			buildRules = (
			);
			dependencies = (
			);
			name = LanLensApp;
			packageProductDependencies = (
				PKG001 /* LanLensCore */,
			);
			productName = LanLensApp;
			productReference = PRD001 /* LanLensApp.app */;
			productType = "com.apple.product-type.application";
		};
/* End PBXNativeTarget section */

/* Begin PBXProject section */
		PRJ001 /* Project object */ = {
			isa = PBXProject;
			attributes = {
				BuildIndependentTargetsInParallel = 1;
				LastSwiftUpdateCheck = 1520;
				LastUpgradeCheck = 1520;
				TargetAttributes = {
					TGT001 = {
						CreatedOnToolsVersion = 15.2;
					};
				};
			};
			buildConfigurationList = CFG200 /* Build configuration list for PBXProject "LanLensApp" */;
			compatibilityVersion = "Xcode 14.0";
			developmentRegion = en;
			hasScannedForEncodings = 0;
			knownRegions = (
				en,
				Base,
			);
			mainGroup = GRP000;
			packageReferences = (
				PKG100 /* XCLocalSwiftPackageReference "../" */,
			);
			productRefGroup = GRP100 /* Products */;
			projectDirPath = "";
			projectRoot = "";
			targets = (
				TGT001 /* LanLensApp */,
			);
		};
/* End PBXProject section */

/* Begin PBXResourcesBuildPhase section */
		RSC001 /* Resources */ = {
			isa = PBXResourcesBuildPhase;
			buildActionMask = 2147483647;
			files = (
				A96697632F06ABBC00EAAA03 /* Assets.xcassets in Resources */,
			);
			runOnlyForDeploymentPostprocessing = 0;
		};
/* End PBXResourcesBuildPhase section */

/* Begin PBXSourcesBuildPhase section */
		SRC100 /* Sources */ = {
			isa = PBXSourcesBuildPhase;
			buildActionMask = 2147483647;
			files = (
				APP001 /* LanLensMenuBarApp.swift in Sources */,
				APP002 /* AppState.swift in Sources */,
				APP003 /* UserPreferences.swift in Sources */,
				APP004 /* MenuBarView.swift in Sources */,
				APP005 /* DeviceDetailView.swift in Sources */,
				APP006 /* SettingsView.swift in Sources */,
				APP007 /* DeviceListView.swift in Sources */,
				APP008 /* DeviceRowView.swift in Sources */,
				APP009 /* ScoreIndicator.swift in Sources */,
				APP010 /* DeviceIcon.swift in Sources */,
				APP011 /* StatusIndicator.swift in Sources */,
				APP012 /* BackgroundScanner.swift in Sources */,
				APP013 /* NotificationService.swift in Sources */,
				APP014 /* LaunchAtLoginService.swift in Sources */,
				APP015 /* Colors.swift in Sources */,
				A1B2C3D4E5F60718091A2B3C /* TooltipModifier.swift in Sources */,
				91A082AA20A03AEE870F3230 /* SecurityBadge.swift in Sources */,
				F763B6FABCB80AF0CD9DE0D9 /* SecurityPostureCard.swift in Sources */,
				C3EFF323654E09C1A996C3E0 /* BehaviorBadge.swift in Sources */,
				CBA182D65A8EB4D86AE3974E /* BehaviorProfileCard.swift in Sources */,
				AD9B0D89CC7A46004874075A /* PortBannerCard.swift in Sources */,
				1A2B3C4D5E6F7A8B9C0D1E2F /* MDNSTXTCard.swift in Sources */,
				2B3C4D5E6F7A8B9C0D1E2F3A /* MACAnalysisCard.swift in Sources */,
				3C4D5E6F7A8B9C0D1E2F3A4B /* ClearDevicesConfirmationView.swift in Sources */,
			);
			runOnlyForDeploymentPostprocessing = 0;
		};
/* End PBXSourcesBuildPhase section */

/* Begin XCBuildConfiguration section */
		BLD001 /* Debug */ = {
			isa = XCBuildConfiguration;
			buildSettings = {
				ALWAYS_SEARCH_USER_PATHS = NO;
				ASSETCATALOG_COMPILER_GENERATE_SWIFT_ASSET_SYMBOL_EXTENSIONS = YES;
				CLANG_ANALYZER_NONNULL = YES;
				CLANG_ANALYZER_NUMBER_OBJECT_CONVERSION = YES_AGGRESSIVE;
				CLANG_CXX_LANGUAGE_STANDARD = "gnu++20";
				CLANG_ENABLE_MODULES = YES;
				CLANG_ENABLE_OBJC_ARC = YES;
				CLANG_ENABLE_OBJC_WEAK = YES;
				CLANG_WARN_BLOCK_CAPTURE_AUTORELEASING = YES;
				CLANG_WARN_BOOL_CONVERSION = YES;
				CLANG_WARN_COMMA = YES;
				CLANG_WARN_CONSTANT_CONVERSION = YES;
				CLANG_WARN_DEPRECATED_OBJC_IMPLEMENTATIONS = YES;
				CLANG_WARN_DIRECT_OBJC_ISA_USAGE = YES_ERROR;
				CLANG_WARN_DOCUMENTATION_COMMENTS = YES;
				CLANG_WARN_EMPTY_BODY = YES;
				CLANG_WARN_ENUM_CONVERSION = YES;
				CLANG_WARN_INFINITE_RECURSION = YES;
				CLANG_WARN_INT_CONVERSION = YES;
				CLANG_WARN_NON_LITERAL_NULL_CONVERSION = YES;
				CLANG_WARN_OBJC_IMPLICIT_RETAIN_SELF = YES;
				CLANG_WARN_OBJC_LITERAL_CONVERSION = YES;
				CLANG_WARN_OBJC_ROOT_CLASS = YES_ERROR;
				CLANG_WARN_QUOTED_INCLUDE_IN_FRAMEWORK_HEADER = YES;
				CLANG_WARN_RANGE_LOOP_ANALYSIS = YES;
				CLANG_WARN_STRICT_PROTOTYPES = YES;
				CLANG_WARN_SUSPICIOUS_MOVE = YES;
				CLANG_WARN_UNGUARDED_AVAILABILITY = YES_AGGRESSIVE;
				CLANG_WARN_UNREACHABLE_CODE = YES;
				CLANG_WARN__DUPLICATE_METHOD_MATCH = YES;
				COPY_PHASE_STRIP = NO;
				DEBUG_INFORMATION_FORMAT = dwarf;
				ENABLE_STRICT_OBJC_MSGSEND = YES;
				ENABLE_TESTABILITY = YES;
				ENABLE_USER_SCRIPT_SANDBOXING = YES;
				GCC_C_LANGUAGE_STANDARD = gnu17;
				GCC_DYNAMIC_NO_PIC = NO;
				GCC_NO_COMMON_BLOCKS = YES;
				GCC_OPTIMIZATION_LEVEL = 0;
				GCC_PREPROCESSOR_DEFINITIONS = (
					"DEBUG=1",
					"$(inherited)",
				);
				GCC_WARN_64_TO_32_BIT_CONVERSION = YES;
				GCC_WARN_ABOUT_RETURN_TYPE = YES_ERROR;
				GCC_WARN_UNDECLARED_SELECTOR = YES;
				GCC_WARN_UNINITIALIZED_AUTOS = YES_AGGRESSIVE;
				GCC_WARN_UNUSED_FUNCTION = YES;
				GCC_WARN_UNUSED_VARIABLE = YES;
				LOCALIZATION_PREFERS_STRING_CATALOGS = YES;
				MACOSX_DEPLOYMENT_TARGET = 14.0;
				MTL_ENABLE_DEBUG_INFO = INCLUDE_SOURCE;
				MTL_FAST_MATH = YES;
				ONLY_ACTIVE_ARCH = YES;
				SDKROOT = macosx;
				SWIFT_ACTIVE_COMPILATION_CONDITIONS = "DEBUG $(inherited)";
				SWIFT_OPTIMIZATION_LEVEL = "-Onone";
			};
			name = Debug;
		};
		BLD002 /* Release */ = {
			isa = XCBuildConfiguration;
			buildSettings = {
				ALWAYS_SEARCH_USER_PATHS = NO;
				ASSETCATALOG_COMPILER_GENERATE_SWIFT_ASSET_SYMBOL_EXTENSIONS = YES;
				CLANG_ANALYZER_NONNULL = YES;
				CLANG_ANALYZER_NUMBER_OBJECT_CONVERSION = YES_AGGRESSIVE;
				CLANG_CXX_LANGUAGE_STANDARD = "gnu++20";
				CLANG_ENABLE_MODULES = YES;
				CLANG_ENABLE_OBJC_ARC = YES;
				CLANG_ENABLE_OBJC_WEAK = YES;
				CLANG_WARN_BLOCK_CAPTURE_AUTORELEASING = YES;
				CLANG_WARN_BOOL_CONVERSION = YES;
				CLANG_WARN_COMMA = YES;
				CLANG_WARN_CONSTANT_CONVERSION = YES;
				CLANG_WARN_DEPRECATED_OBJC_IMPLEMENTATIONS = YES;
				CLANG_WARN_DIRECT_OBJC_ISA_USAGE = YES_ERROR;
				CLANG_WARN_DOCUMENTATION_COMMENTS = YES;
				CLANG_WARN_EMPTY_BODY = YES;
				CLANG_WARN_ENUM_CONVERSION = YES;
				CLANG_WARN_INFINITE_RECURSION = YES;
				CLANG_WARN_INT_CONVERSION = YES;
				CLANG_WARN_NON_LITERAL_NULL_CONVERSION = YES;
				CLANG_WARN_OBJC_IMPLICIT_RETAIN_SELF = YES;
				CLANG_WARN_OBJC_LITERAL_CONVERSION = YES;
				CLANG_WARN_OBJC_ROOT_CLASS = YES_ERROR;
				CLANG_WARN_QUOTED_INCLUDE_IN_FRAMEWORK_HEADER = YES;
				CLANG_WARN_RANGE_LOOP_ANALYSIS = YES;
				CLANG_WARN_STRICT_PROTOTYPES = YES;
				CLANG_WARN_SUSPICIOUS_MOVE = YES;
				CLANG_WARN_UNGUARDED_AVAILABILITY = YES_AGGRESSIVE;
				CLANG_WARN_UNREACHABLE_CODE = YES;
				CLANG_WARN__DUPLICATE_METHOD_MATCH = YES;
				COPY_PHASE_STRIP = NO;
				DEBUG_INFORMATION_FORMAT = "dwarf-with-dsym";
				ENABLE_NS_ASSERTIONS = NO;
				ENABLE_STRICT_OBJC_MSGSEND = YES;
				ENABLE_USER_SCRIPT_SANDBOXING = YES;
				GCC_C_LANGUAGE_STANDARD = gnu17;
				GCC_NO_COMMON_BLOCKS = YES;
				GCC_WARN_64_TO_32_BIT_CONVERSION = YES;
				GCC_WARN_ABOUT_RETURN_TYPE = YES_ERROR;
				GCC_WARN_UNDECLARED_SELECTOR = YES;
				GCC_WARN_UNINITIALIZED_AUTOS = YES_AGGRESSIVE;
				GCC_WARN_UNUSED_FUNCTION = YES;
				GCC_WARN_UNUSED_VARIABLE = YES;
				LOCALIZATION_PREFERS_STRING_CATALOGS = YES;
				MACOSX_DEPLOYMENT_TARGET = 14.0;
				MTL_ENABLE_DEBUG_INFO = NO;
				MTL_FAST_MATH = YES;
				SDKROOT = macosx;
				SWIFT_COMPILATION_MODE = wholemodule;
			};
			name = Release;
		};
		BLD003 /* Debug */ = {
			isa = XCBuildConfiguration;
			buildSettings = {
				ASSETCATALOG_COMPILER_APPICON_NAME = AppIcon;
				ASSETCATALOG_COMPILER_GLOBAL_ACCENT_COLOR_NAME = AccentColor;
				CODE_SIGN_ENTITLEMENTS = LanLensApp/Resources/LanLensApp.entitlements;
				CODE_SIGN_STYLE = Automatic;
				COMBINE_HIDPI_IMAGES = YES;
				CURRENT_PROJECT_VERSION = 1;
				DEVELOPMENT_TEAM = HV325Z3W39;
				ENABLE_HARDENED_RUNTIME = YES;
				GENERATE_INFOPLIST_FILE = NO;
				INFOPLIST_FILE = LanLensApp/Resources/Info.plist;
				INFOPLIST_KEY_CFBundleDisplayName = LanLens;
				INFOPLIST_KEY_LSApplicationCategoryType = "public.app-category.utilities";
				INFOPLIST_KEY_NSHumanReadableCopyright = "";
				LD_RUNPATH_SEARCH_PATHS = (
					"$(inherited)",
					"@executable_path/../Frameworks",
				);
				MARKETING_VERSION = 1.0.0;
				PRODUCT_BUNDLE_IDENTIFIER = com.lanlens.app;
				PRODUCT_NAME = "$(TARGET_NAME)";
				SWIFT_EMIT_LOC_STRINGS = YES;
				SWIFT_VERSION = 5.0;
			};
			name = Debug;
		};
		BLD004 /* Release */ = {
			isa = XCBuildConfiguration;
			buildSettings = {
				ASSETCATALOG_COMPILER_APPICON_NAME = AppIcon;
				ASSETCATALOG_COMPILER_GLOBAL_ACCENT_COLOR_NAME = AccentColor;
				CODE_SIGN_ENTITLEMENTS = LanLensApp/Resources/LanLensApp.entitlements;
				CODE_SIGN_STYLE = Automatic;
				COMBINE_HIDPI_IMAGES = YES;
				CURRENT_PROJECT_VERSION = 1;
				DEVELOPMENT_TEAM = HV325Z3W39;
				ENABLE_HARDENED_RUNTIME = YES;
				GENERATE_INFOPLIST_FILE = NO;
				INFOPLIST_FILE = LanLensApp/Resources/Info.plist;
				INFOPLIST_KEY_CFBundleDisplayName = LanLens;
				INFOPLIST_KEY_LSApplicationCategoryType = "public.app-category.utilities";
				INFOPLIST_KEY_NSHumanReadableCopyright = "";
				LD_RUNPATH_SEARCH_PATHS = (
					"$(inherited)",
					"@executable_path/../Frameworks",
				);
				MARKETING_VERSION = 1.0.0;
				PRODUCT_BUNDLE_IDENTIFIER = com.lanlens.app;
				PRODUCT_NAME = "$(TARGET_NAME)";
				SWIFT_EMIT_LOC_STRINGS = YES;
				SWIFT_VERSION = 5.0;
			};
			name = Release;
		};
/* End XCBuildConfiguration section */

/* Begin XCConfigurationList section */
		CFG100 /* Build configuration list for PBXNativeTarget "LanLensApp" */ = {
			isa = XCConfigurationList;
			buildConfigurations = (
				BLD003 /* Debug */,
				BLD004 /* Release */,
			);
			defaultConfigurationIsVisible = 0;
			defaultConfigurationName = Release;
		};
		CFG200 /* Build configuration list for PBXProject "LanLensApp" */ = {
			isa = XCConfigurationList;
			buildConfigurations = (
				BLD001 /* Debug */,
				BLD002 /* Release */,
			);
			defaultConfigurationIsVisible = 0;
			defaultConfigurationName = Release;
		};
/* End XCConfigurationList section */

/* Begin XCLocalSwiftPackageReference section */
		PKG100 /* XCLocalSwiftPackageReference "../" */ = {
			isa = XCLocalSwiftPackageReference;
			relativePath = ../;
		};
/* End XCLocalSwiftPackageReference section */

/* Begin XCSwiftPackageProductDependency section */
		PKG001 /* LanLensCore */ = {
			isa = XCSwiftPackageProductDependency;
			productName = LanLensCore;
		};
/* End XCSwiftPackageProductDependency section */
	};
	rootObject = PRJ001 /* Project object */;
}
